$$INCL:HAUT.HTM$$
$$SET:PAGE:TITR=$$ 
<table width="902" border="0" cellpadding="0" cellspacing="0" class="FondIndex">
	<tr>
		<td height="53" class="Bienvenu">$$LG:BIENVENUESUR pcase$$<br />
				<span>$$REP:RSRV$$</span></td>
		<td width="424" align="right" class="Acceuil">$$LG:LIEN:ACCUEIL pcase$$</td>
	</tr>
	<tr>
		<td align="center" valign="top">
			<table width="403" border="0" cellspacing="0" cellpadding="0">
				<tr>
					<td>
						<table width="403" border="0" cellpadding="0" cellspacing="0" class="FondCdc">
							<tr>
								<td width="54" height="67" align="left"><img src="images/picto-coeur.gif" alt="" title="" /></td>
								<td align="left"><img src="$$_$$images/selection_$$LANGUE$$.gif"  alt="" title="" /><br />
								<img src="images/trait.gif"  alt="" title="" class="EspaceSele" /></td>
							</tr>
							<tr>
								<td height="181" colspan="2" align="left" valign="top">$$INCL:COEUR.GEN.HTM$$</td>
							</tr>
							<tr>
								<td height="23" colspan="2" align="right" valign="top" class="Selection"><a href="/recherche,classic.htm?idtt=2&amp;si_coupdecoeur=1&amp;lang=$$LANGUE$$">$$IF=:FR:LANGUE$$ TOUTE NOTRE SELECTION  $$END$$ $$IF=:EN:LANGUE$$ ALL OUR SELECTION $$END$$</a></td>
								

							</tr>
						</table>
					</td>
				</tr>
				<tr>
					<td height="200" align="left" valign="top"><p class="Paragraphe"><strong>Votre Agence VIVACITY implant&eacute;e dans un lieu strat&eacute;gique au coeur de Vincennes entre la rue du Midi et l&rsquo;avenue de paris, &agrave; proximit&eacute; de supermarch&eacute;s, de la gare RER VINCENNES et de la station de m&eacute;tro CHATEAU DE VINCENNES</strong> </p>
								<div align="right" class="Suite">[ <a href="/agence.htm?lang=$$LANGUE$$"  title="">$$LG:LIRESUITE pcase$$...</a> ]</div>
						</td>
				</tr>
			</table>
		</td>
		<td align="center" valign="top">
			<table width="406" border="0" cellspacing="0" cellpadding="0">
				<tr>
					<td height="302">
						<table width="406" border="0" cellpadding="0" cellspacing="0" class="FondMoteur">
							<tr>
								<td width="60" height="58" align="right" valign="top"><img src="images/picto-recherche.gif" alt="" title="" class="PictoRecher" /></td>
								<td align="left" valign="top" class="EspaceRech"><img src="$$_$$images/recherche_$$LANGUE$$.gif" alt="" title="" class="PictoRapide" /><br />
								<img src="images/trait.gif" class="EspaceSele" alt="" title="" /></td>
							</tr>
							<tr>
								<td height="244" colspan="2" align="left" class="EspaceMoteur">
									$$A:PAGE:IDTB1=1$$ 
									$$A:PAGE:IDTB2=1$$ 
									$$A:PAGE:IDTB3=1$$ 
									$$A:PAGE:IDTB4=0$$ 
									$$A:PAGE:IDTB5=0$$ 
									$$A:PAGE:IDTB6=1$$ 
									$$A:PAGE:IDTB7=0$$ 
									$$A:PAGE:IDTB8=0$$ 
									$$A:PAGE:IDTB9=0$$
									$$A:PAGE:IDTB10=0$$ 
									$$A:PAGE:IDTB11=0$$ 
									$$A:PAGE:IDTB12=0$$ 
									$$A:PAGE:IDTT=1$$ 
									$$A:PAGE:PIECES=1$$ 
									$$A:PAGE:BUDGET=1$$ 
									$$A:PAGE:SURFACE=1$$ 
									$$A:PAGE:PROXIMITE=1$$ 
									$$A:PAGE:LISTEVILLES=0$$ 
									$$A:PAGE:LISTEDEROULANT=0$$ 
									$$A:PAGE:REF=0$$ 
									$$INCL:MOTEUR.HTM$$ </td>
							</tr>
						</table>
					</td>
				</tr>
				<tr>
					<td height="8"></td>
				</tr>
				<tr>
					<td height="138"><table width="406" border="0" cellpadding="0" cellspacing="0" class="FondVille">
						<tr>
							<td width="63" align="right" valign="top"><img src="images/picto-ville.gif" class="PictoVille" alt="" title="" /></td>
							<td height="138" valign="top" id="villes"> $$INCL:TEXTE_VILLES2.GEN.HTM$$</td>
						</tr>
					</table></td>
				</tr>
			</table>
		</td>
	</tr>
</table>
$$SET:PAGE:IDT=INDEX$$ 
$$INCL:BAS.HTM$$
